# This file was autogenerated by Stack.
# You should not edit this file by hand.
# For more information, please see the documentation at:
#   https://docs.haskellstack.org/en/stable/lock_files

packages:
- completed:
    cabal-file:
      size: 2932
      sha256: 01c59f8648b70cca70257cb7d3174d37372b542ee7baf609c70e3a8f345ec991
    name: ghc-tags-plugin
    version: 0.1.3.0
    git: https://github.com/coot/ghc-tags-plugin
    pantry-tree:
      size: 2536
      sha256: dbd68738b06098756dde0fa7ac48263d8b8e09a07c8fd15be9ab28552ca78d1a
    commit: a841dae7fb9c335101f7fa4187d02687d306f972
  original:
    git: https://github.com/coot/ghc-tags-plugin
    commit: a841dae7fb9c335101f7fa4187d02687d306f972
snapshots:
- completed:
    size: 491373
    url: https://raw.githubusercontent.com/commercialhaskell/stackage-snapshots/master/lts/15/3.yaml
    sha256: 29e9ff61b8bf4b4fcff55cde3ac106ebb971f0d21331dccac9eee63374fa6ca8
  original: lts-15.3
